
Microsoft Visual Studio Solution File, Format Version 12.00
# Visual Studio Version 17
VisualStudioVersion = 17.9.34622.214
MinimumVisualStudioVersion = 10.0.40219.1
Project("{9A19103F-16F7-4668-BE54-9A1E7A4F7556}") = "EOAP.Plugin", "EOAP.Plugin.csproj", "{D1C56FFA-9131-4D79-8CBC-4503BDAF5CE7}"
EndProject
Global
	GlobalSection(SolutionConfigurationPlatforms) = preSolution
		Debug|Any CPU = Debug|Any CPU
		Release|Any CPU = Release|Any CPU
	EndGlobalSection
	GlobalSection(ProjectConfigurationPlatforms) = postSolution
		{D1C56FFA-9131-4D79-8CBC-4503BDAF5CE7}.Debug|Any CPU.ActiveCfg = Debug|Any CPU
		{D1C56FFA-9131-4D79-8CBC-4503BDAF5CE7}.Debug|Any CPU.Build.0 = Debug|Any CPU
		{D1C56FFA-9131-4D79-8CBC-4503BDAF5CE7}.Release|Any CPU.ActiveCfg = Release|Any CPU
		{D1C56FFA-9131-4D79-8CBC-4503BDAF5CE7}.Release|Any CPU.Build.0 = Release|Any CPU
	EndGlobalSection
	GlobalSection(SolutionProperties) = preSolution
		HideSolutionNode = FALSE
	EndGlobalSection
	GlobalSection(ExtensibilityGlobals) = postSolution
		SolutionGuid = {6B754264-5646-4118-A187-C549A63BD96D}
	EndGlobalSection
EndGlobal
